
Microsoft Visual Studio Solution File, Format Version 12.00
# Visual Studio Version 17
VisualStudioVersion = 17.3.32825.248
MinimumVisualStudioVersion = 10.0.40219.1
Project("{FAE04EC0-301F-11D3-BF4B-00C04F79EFBC}") = "May24Homework.Web", "May24Homework.Web\May24Homework.Web.csproj", "{30669C4C-E649-4EE9-B0CE-1FA77D9DAEF5}"
EndProject
Project("{FAE04EC0-301F-11D3-BF4B-00C04F79EFBC}") = "May24Homework.Data", "May24Homework.Data\May24Homework.Data.csproj", "{1C60757C-E63D-434D-BB2C-573F4E755F35}"
EndProject
Global
	GlobalSection(SolutionConfigurationPlatforms) = preSolution
		Debug|Any CPU = Debug|Any CPU
		Release|Any CPU = Release|Any CPU
	EndGlobalSection
	GlobalSection(ProjectConfigurationPlatforms) = postSolution
		{30669C4C-E649-4EE9-B0CE-1FA77D9DAEF5}.Debug|Any CPU.ActiveCfg = Debug|Any CPU
		{30669C4C-E649-4EE9-B0CE-1FA77D9DAEF5}.Debug|Any CPU.Build.0 = Debug|Any CPU
		{30669C4C-E649-4EE9-B0CE-1FA77D9DAEF5}.Release|Any CPU.ActiveCfg = Release|Any CPU
		{30669C4C-E649-4EE9-B0CE-1FA77D9DAEF5}.Release|Any CPU.Build.0 = Release|Any CPU
		{1C60757C-E63D-434D-BB2C-573F4E755F35}.Debug|Any CPU.ActiveCfg = Debug|Any CPU
		{1C60757C-E63D-434D-BB2C-573F4E755F35}.Debug|Any CPU.Build.0 = Debug|Any CPU
		{1C60757C-E63D-434D-BB2C-573F4E755F35}.Release|Any CPU.ActiveCfg = Release|Any CPU
		{1C60757C-E63D-434D-BB2C-573F4E755F35}.Release|Any CPU.Build.0 = Release|Any CPU
	EndGlobalSection
	GlobalSection(SolutionProperties) = preSolution
		HideSolutionNode = FALSE
	EndGlobalSection
	GlobalSection(ExtensibilityGlobals) = postSolution
		SolutionGuid = {33DB344B-BABC-447A-AA42-5B843DEC9D06}
	EndGlobalSection
EndGlobal
